PODS:
  - Kingfisher (3.7.1)
  - PKHUD (4.2.1)

DEPENDENCIES:
  - Kingfisher (~> 3.0)
  - PKHUD (~> 4.0)

SPEC CHECKSUMS:
  Kingfisher: c09cece8e201b6abd7b6866ea26f73b2379208d2
  PKHUD: 957ce2a68b3c97a51839b30216120c1dbc0c3a78

PODFILE CHECKSUM: 86500e959ce1361a947237e44cf3814f4650ec24

COCOAPODS: 1.1.1
